
Microsoft Visual Studio Solution File, Format Version 12.00
# Visual Studio Version 17
VisualStudioVersion = 17.10.34928.147
MinimumVisualStudioVersion = 10.0.40219.1
Project("{9A19103F-16F7-4668-BE54-9A1E7A4F7556}") = "Exercise_1", "Exercise_1\Exercise_1.csproj", "{70A7F168-6C7E-4056-A236-BE3DBACC11DA}"
EndProject
Project("{FAE04EC0-301F-11D3-BF4B-00C04F79EFBC}") = "Exercise_2", "Exercise_2\Exercise_2.csproj", "{59AAFC45-C68F-4DFE-9286-EDBF6418DEA3}"
EndProject
Project("{FAE04EC0-301F-11D3-BF4B-00C04F79EFBC}") = "Exercise_3", "Exercise_3\Exercise_3.csproj", "{5CD6F44A-BFAA-44B8-B61B-0884E7976D98}"
EndProject
Project("{FAE04EC0-301F-11D3-BF4B-00C04F79EFBC}") = "Exercise_3_mod_1", "Exercise_3_mod_1\Exercise_3_mod_1.csproj", "{724F13A3-1061-4099-BBBF-52548DA01FDD}"
EndProject
Project("{FAE04EC0-301F-11D3-BF4B-00C04F79EFBC}") = "Exercise_3_Advanced", "Exercise_3_Advanced\Exercise_3_Advanced.csproj", "{4D1C1160-E290-4283-B65E-C8F457B03D1F}"
EndProject
Global
	GlobalSection(SolutionConfigurationPlatforms) = preSolution
		Debug|Any CPU = Debug|Any CPU
		Release|Any CPU = Release|Any CPU
	EndGlobalSection
	GlobalSection(ProjectConfigurationPlatforms) = postSolution
		{70A7F168-6C7E-4056-A236-BE3DBACC11DA}.Debug|Any CPU.ActiveCfg = Debug|Any CPU
		{70A7F168-6C7E-4056-A236-BE3DBACC11DA}.Debug|Any CPU.Build.0 = Debug|Any CPU
		{70A7F168-6C7E-4056-A236-BE3DBACC11DA}.Release|Any CPU.ActiveCfg = Release|Any CPU
		{70A7F168-6C7E-4056-A236-BE3DBACC11DA}.Release|Any CPU.Build.0 = Release|Any CPU
		{59AAFC45-C68F-4DFE-9286-EDBF6418DEA3}.Debug|Any CPU.ActiveCfg = Debug|Any CPU
		{59AAFC45-C68F-4DFE-9286-EDBF6418DEA3}.Debug|Any CPU.Build.0 = Debug|Any CPU
		{59AAFC45-C68F-4DFE-9286-EDBF6418DEA3}.Release|Any CPU.ActiveCfg = Release|Any CPU
		{59AAFC45-C68F-4DFE-9286-EDBF6418DEA3}.Release|Any CPU.Build.0 = Release|Any CPU
		{5CD6F44A-BFAA-44B8-B61B-0884E7976D98}.Debug|Any CPU.ActiveCfg = Debug|Any CPU
		{5CD6F44A-BFAA-44B8-B61B-0884E7976D98}.Debug|Any CPU.Build.0 = Debug|Any CPU
		{5CD6F44A-BFAA-44B8-B61B-0884E7976D98}.Release|Any CPU.ActiveCfg = Release|Any CPU
		{5CD6F44A-BFAA-44B8-B61B-0884E7976D98}.Release|Any CPU.Build.0 = Release|Any CPU
		{724F13A3-1061-4099-BBBF-52548DA01FDD}.Debug|Any CPU.ActiveCfg = Debug|Any CPU
		{724F13A3-1061-4099-BBBF-52548DA01FDD}.Debug|Any CPU.Build.0 = Debug|Any CPU
		{724F13A3-1061-4099-BBBF-52548DA01FDD}.Release|Any CPU.ActiveCfg = Release|Any CPU
		{724F13A3-1061-4099-BBBF-52548DA01FDD}.Release|Any CPU.Build.0 = Release|Any CPU
		{4D1C1160-E290-4283-B65E-C8F457B03D1F}.Debug|Any CPU.ActiveCfg = Debug|Any CPU
		{4D1C1160-E290-4283-B65E-C8F457B03D1F}.Debug|Any CPU.Build.0 = Debug|Any CPU
		{4D1C1160-E290-4283-B65E-C8F457B03D1F}.Release|Any CPU.ActiveCfg = Release|Any CPU
		{4D1C1160-E290-4283-B65E-C8F457B03D1F}.Release|Any CPU.Build.0 = Release|Any CPU
	EndGlobalSection
	GlobalSection(SolutionProperties) = preSolution
		HideSolutionNode = FALSE
	EndGlobalSection
	GlobalSection(ExtensibilityGlobals) = postSolution
		SolutionGuid = {68B176B9-CD60-4D5E-B200-EBF4A93F9B59}
	EndGlobalSection
EndGlobal
